{
    "_readme": [
        "This file locks the dependencies of your project to a known state",
        "Read more about it at https://getcomposer.org/doc/01-basic-usage.md#composer-lock-the-lock-file",
        "This file is @generated automatically"
    ],
    "hash": "53dcf101fb95a36225f5952da85f24b2",
    "content-hash": "1a76a0f8838297ffbf4ee6ab0bf3c812",
    "packages": [
        {
            "name": "hce/microframework-core",
            "version": "0.0.1",
            "source": {
                "type": "git",
                "url": "https://github.com/MarcoBoffo/it.hce.microframework.core.git",
                "reference": "56fce651289b7c0b7a4ee07e676f834560b6c3c3"
            },
            "dist": {
                "type": "zip",
                "url": "https://api.github.com/repos/MarcoBoffo/it.hce.microframework.core/zipball/56fce651289b7c0b7a4ee07e676f834560b6c3c3",
                "reference": "56fce651289b7c0b7a4ee07e676f834560b6c3c3",
                "shasum": ""
            },
            "require": {
                "leafo/scssphp": "^0.6.2",
                "matthiasmullie/minify": "^1.3"
            },
            "type": "library",
            "notification-url": "https://packagist.org/downloads/",
            "authors": [
                {
                    "name": "Gatto",
                    "email": "mboffo@hce.it"
                }
            ],
            "description": "microframework core files",
            "time": "2016-03-23 15:40:00"
        },
        {
            "name": "leafo/scssphp",
            "version": "v0.6.3",
            "source": {
                "type": "git",
                "url": "https://github.com/leafo/scssphp.git",
                "reference": "a27edad3d16635a222d7204706572e24c338aa17"
            },
            "dist": {
                "type": "zip",
                "url": "https://api.github.com/repos/leafo/scssphp/zipball/a27edad3d16635a222d7204706572e24c338aa17",
                "reference": "a27edad3d16635a222d7204706572e24c338aa17",
                "shasum": ""
            },
            "require": {
                "php": ">=5.4.0"
            },
            "require-dev": {
                "kherge/box": "~2.5",
                "phpunit/phpunit": "~3.7",
                "squizlabs/php_codesniffer": "~2.5"
            },
            "bin": [
                "bin/pscss"
            ],
            "type": "library",
            "autoload": {
                "psr-4": {
                    "Leafo\\ScssPhp\\": "src/"
                }
            },
            "notification-url": "https://packagist.org/downloads/",
            "license": [
                "MIT"
            ],
            "authors": [
                {
                    "name": "Leaf Corcoran",
                    "email": "leafot@gmail.com",
                    "homepage": "http://leafo.net"
                }
            ],
            "description": "scssphp is a compiler for SCSS written in PHP.",
            "homepage": "http://leafo.github.io/scssphp/",
            "keywords": [
                "css",
                "less",
                "sass",
                "scss",
                "stylesheet"
            ],
            "time": "2016-01-15 02:50:06"
        },
        {
            "name": "matthiasmullie/minify",
            "version": "1.3.34",
            "source": {
                "type": "git",
                "url": "https://github.com/matthiasmullie/minify.git",
                "reference": "272e46113404f66ced256659552a0cc074a7810f"
            },
            "dist": {
                "type": "zip",
                "url": "https://api.github.com/repos/matthiasmullie/minify/zipball/272e46113404f66ced256659552a0cc074a7810f",
                "reference": "272e46113404f66ced256659552a0cc074a7810f",
                "shasum": ""
            },
            "require": {
                "ext-pcre": "*",
                "matthiasmullie/path-converter": "~1.0",
                "php": ">=5.3.0"
            },
            "require-dev": {
                "matthiasmullie/scrapbook": "~1.0",
                "phpunit/phpunit": "~4.8"
            },
            "bin": [
                "bin/minifycss",
                "bin/minifyjs"
            ],
            "type": "library",
            "autoload": {
                "psr-4": {
                    "MatthiasMullie\\Minify\\": "src/"
                }
            },
            "notification-url": "https://packagist.org/downloads/",
            "license": [
                "MIT"
            ],
            "authors": [
                {
                    "name": "Matthias Mullie",
                    "email": "minify@mullie.eu",
                    "homepage": "http://www.mullie.eu",
                    "role": "Developer"
                }
            ],
            "description": "CSS & JS minifier",
            "homepage": "http://www.minifier.org",
            "keywords": [
                "JS",
                "css",
                "javascript",
                "minifier",
                "minify"
            ],
            "time": "2016-03-01 08:00:27"
        },
        {
            "name": "matthiasmullie/path-converter",
            "version": "1.0.7",
            "source": {
                "type": "git",
                "url": "https://github.com/matthiasmullie/path-converter.git",
                "reference": "83609c1bb251b2540eba912615571a501a0a06a6"
            },
            "dist": {
                "type": "zip",
                "url": "https://api.github.com/repos/matthiasmullie/path-converter/zipball/83609c1bb251b2540eba912615571a501a0a06a6",
                "reference": "83609c1bb251b2540eba912615571a501a0a06a6",
                "shasum": ""
            },
            "require": {
                "ext-pcre": "*",
                "php": ">=5.3.0"
            },
            "require-dev": {
                "phpunit/phpunit": "~4.8",
                "satooshi/php-coveralls": "~1.0"
            },
            "type": "library",
            "autoload": {
                "psr-4": {
                    "MatthiasMullie\\PathConverter\\": "src/"
                }
            },
            "notification-url": "https://packagist.org/downloads/",
            "license": [
                "MIT"
            ],
            "authors": [
                {
                    "name": "Matthias Mullie",
                    "email": "pathconverter@mullie.eu",
                    "homepage": "http://www.mullie.eu",
                    "role": "Developer"
                }
            ],
            "description": "Relative path converter",
            "homepage": "http://github.com/matthiasmullie/path-converter",
            "keywords": [
                "converter",
                "path",
                "paths",
                "relative"
            ],
            "time": "2016-01-07 00:41:13"
        }
    ],
    "packages-dev": [],
    "aliases": [],
    "minimum-stability": "stable",
    "stability-flags": [],
    "prefer-stable": false,
    "prefer-lowest": false,
    "platform": [],
    "platform-dev": []
}
